
Microsoft Visual Studio Solution File, Format Version 12.00
# Visual Studio 14
VisualStudioVersion = 14.0.25123.0
MinimumVisualStudioVersion = 10.0.40219.1
Project("{FAE04EC0-301F-11D3-BF4B-00C04F79EFBC}") = "UWP Translator", "UWP Translator\UWP Translator.csproj", "{F38C9CC4-33DC-43B1-A61A-6491BC1FBFCF}"
EndProject
Project("{2150E333-8FDC-42A3-9474-1A3956D46DE8}") = "Solution Items", "Solution Items", "{809D9C04-EA56-48FE-9ED5-761C37E0071B}"
	ProjectSection(SolutionItems) = preProject
		Performance1.psess = Performance1.psess
	EndProjectSection
EndProject
Global
	GlobalSection(Performance) = preSolution
		HasPerformanceSessions = true
	EndGlobalSection
	GlobalSection(SolutionConfigurationPlatforms) = preSolution
		Debug|ARM = Debug|ARM
		Debug|x64 = Debug|x64
		Debug|x86 = Debug|x86
		Release|ARM = Release|ARM
		Release|x64 = Release|x64
		Release|x86 = Release|x86
	EndGlobalSection
	GlobalSection(ProjectConfigurationPlatforms) = postSolution
		{F38C9CC4-33DC-43B1-A61A-6491BC1FBFCF}.Debug|ARM.ActiveCfg = Debug|ARM
		{F38C9CC4-33DC-43B1-A61A-6491BC1FBFCF}.Debug|ARM.Build.0 = Debug|ARM
		{F38C9CC4-33DC-43B1-A61A-6491BC1FBFCF}.Debug|ARM.Deploy.0 = Debug|ARM
		{F38C9CC4-33DC-43B1-A61A-6491BC1FBFCF}.Debug|x64.ActiveCfg = Debug|x64
		{F38C9CC4-33DC-43B1-A61A-6491BC1FBFCF}.Debug|x64.Build.0 = Debug|x64
		{F38C9CC4-33DC-43B1-A61A-6491BC1FBFCF}.Debug|x64.Deploy.0 = Debug|x64
		{F38C9CC4-33DC-43B1-A61A-6491BC1FBFCF}.Debug|x86.ActiveCfg = Debug|x86
		{F38C9CC4-33DC-43B1-A61A-6491BC1FBFCF}.Debug|x86.Build.0 = Debug|x86
		{F38C9CC4-33DC-43B1-A61A-6491BC1FBFCF}.Debug|x86.Deploy.0 = Debug|x86
		{F38C9CC4-33DC-43B1-A61A-6491BC1FBFCF}.Release|ARM.ActiveCfg = Release|ARM
		{F38C9CC4-33DC-43B1-A61A-6491BC1FBFCF}.Release|ARM.Build.0 = Release|ARM
		{F38C9CC4-33DC-43B1-A61A-6491BC1FBFCF}.Release|ARM.Deploy.0 = Release|ARM
		{F38C9CC4-33DC-43B1-A61A-6491BC1FBFCF}.Release|x64.ActiveCfg = Release|x64
		{F38C9CC4-33DC-43B1-A61A-6491BC1FBFCF}.Release|x64.Build.0 = Release|x64
		{F38C9CC4-33DC-43B1-A61A-6491BC1FBFCF}.Release|x64.Deploy.0 = Release|x64
		{F38C9CC4-33DC-43B1-A61A-6491BC1FBFCF}.Release|x86.ActiveCfg = Release|x86
		{F38C9CC4-33DC-43B1-A61A-6491BC1FBFCF}.Release|x86.Build.0 = Release|x86
		{F38C9CC4-33DC-43B1-A61A-6491BC1FBFCF}.Release|x86.Deploy.0 = Release|x86
	EndGlobalSection
	GlobalSection(SolutionProperties) = preSolution
		HideSolutionNode = FALSE
	EndGlobalSection
EndGlobal
